
Microsoft Visual Studio Solution File, Format Version 12.00
# Visual Studio Version 18
VisualStudioVersion = 18.1.11312.151
MinimumVisualStudioVersion = 10.0.40219.1
Project("{2150E333-8FDC-42A3-9474-1A3956D46DE8}") = "src", "src", "{827E0CD3-B72D-47B6-A68D-7590B98EB39B}"
EndProject
Project("{FAE04EC0-301F-11D3-BF4B-00C04F79EFBC}") = "GreenCross.Mammals.BLL", "src\GreenCross.Mammals.BLL\GreenCross.Mammals.BLL.csproj", "{468E4A5B-FCC8-4D0E-9B30-F66275D4BB4D}"
EndProject
Project("{FAE04EC0-301F-11D3-BF4B-00C04F79EFBC}") = "GreenCross.Mammals.Data", "src\GreenCross.Mammals.Data\GreenCross.Mammals.Data.csproj", "{FE94EC35-8488-48F5-9C0B-14146EB66AE6}"
EndProject
Project("{FAE04EC0-301F-11D3-BF4B-00C04F79EFBC}") = "GreenCross.Mammals.Entities", "src\GreenCross.Mammals.Entities\GreenCross.Mammals.Entities.csproj", "{F86B3365-0FF2-428A-BCAF-1FD677789D8F}"
EndProject
Project("{FAE04EC0-301F-11D3-BF4B-00C04F79EFBC}") = "GreenCross.Mammals.UI", "src\GreenCross.Mammals.UI\GreenCross.Mammals.UI.csproj", "{01B58953-9323-4263-9D72-9B0BE51D3718}"
EndProject
Project("{2150E333-8FDC-42A3-9474-1A3956D46DE8}") = "Solution Items", "Solution Items", "{94E35DD0-DDFA-46A8-9587-8397763888EA}"
	ProjectSection(SolutionItems) = preProject
		.editorconfig = .editorconfig
		.gitignore = .gitignore
		README.md = README.md
	EndProjectSection
EndProject
Project("{FAE04EC0-301F-11D3-BF4B-00C04F79EFBC}") = "GreenCross.Mammals.Bootstrap", "src\GreenCross.Mammals.Bootstrap\GreenCross.Mammals.Bootstrap.csproj", "{E6A206CA-DF81-40E9-A0B3-2E138EDBF75B}"
EndProject
Project("{FAE04EC0-301F-11D3-BF4B-00C04F79EFBC}") = "GreenCross.Mammals.Contracts", "src\GreenCross.Mammals.Contracts\GreenCross.Mammals.Contracts.csproj", "{B0F9F8F0-0BEF-4009-AA60-DFDDC0F385AA}"
EndProject
Project("{2150E333-8FDC-42A3-9474-1A3956D46DE8}") = "template-setup", "template-setup", "{B329ABE9-FE48-44E0-B6C9-C54CFCD6F850}"
	ProjectSection(SolutionItems) = preProject
		template-setup\DOTNET-TEMPLATE.md = template-setup\DOTNET-TEMPLATE.md
		template-setup\quick-start.ps1 = template-setup\quick-start.ps1
		template-setup\README.md = template-setup\README.md
		template-setup\rename-template.ps1 = template-setup\rename-template.ps1
		template-setup\SETUP.md = template-setup\SETUP.md
	EndProjectSection
EndProject
Project("{2150E333-8FDC-42A3-9474-1A3956D46DE8}") = "code-scripts", "code-scripts", "{DBE06380-94D8-481C-8F67-794E2982409F}"
	ProjectSection(SolutionItems) = preProject
		New-Entity.ps1 = New-Entity.ps1
	EndProjectSection
EndProject
Project("{FAE04EC0-301F-11D3-BF4B-00C04F79EFBC}") = "GreenCross.Utils.TextFiles", "..\GreenCrossUtilsSolution\GreenCross.Utils.TextFiles\GreenCross.Utils.TextFiles.csproj", "{D4C91E7B-DBAD-5ED9-177E-7E362F168E70}"
EndProject
Project("{FAE04EC0-301F-11D3-BF4B-00C04F79EFBC}") = "GreenCross.Utils.WinForm", "..\GreenCrossUtilsSolution\GreenCross.Utils.WinForm\GreenCross.Utils.WinForm.csproj", "{1791BF1B-7F2D-03E4-62BC-DA2DBCF13657}"
EndProject
Project("{2150E333-8FDC-42A3-9474-1A3956D46DE8}") = "otnet", "otnet", "{CEED836C-F662-4C5D-84FE-2EBEC3C3BC00}"
EndProject
Project("{FAE04EC0-301F-11D3-BF4B-00C04F79EFBC}") = "GreenCross.Utils.EntityFramework", "..\GreenCrossUtilsSolution\GreenCross.Utils.EntityFramework\GreenCross.Utils.EntityFramework.csproj", "{F44AA14E-69B2-A8D1-95F2-F310BB853BFE}"
EndProject
Global
	GlobalSection(SolutionConfigurationPlatforms) = preSolution
		Debug|Any CPU = Debug|Any CPU
		Debug|x64 = Debug|x64
		Debug|x86 = Debug|x86
		Release|Any CPU = Release|Any CPU
		Release|x64 = Release|x64
		Release|x86 = Release|x86
	EndGlobalSection
	GlobalSection(ProjectConfigurationPlatforms) = postSolution
		{468E4A5B-FCC8-4D0E-9B30-F66275D4BB4D}.Debug|Any CPU.ActiveCfg = Debug|Any CPU
		{468E4A5B-FCC8-4D0E-9B30-F66275D4BB4D}.Debug|Any CPU.Build.0 = Debug|Any CPU
		{468E4A5B-FCC8-4D0E-9B30-F66275D4BB4D}.Debug|x64.ActiveCfg = Debug|Any CPU
		{468E4A5B-FCC8-4D0E-9B30-F66275D4BB4D}.Debug|x64.Build.0 = Debug|Any CPU
		{468E4A5B-FCC8-4D0E-9B30-F66275D4BB4D}.Debug|x86.ActiveCfg = Debug|Any CPU
		{468E4A5B-FCC8-4D0E-9B30-F66275D4BB4D}.Debug|x86.Build.0 = Debug|Any CPU
		{468E4A5B-FCC8-4D0E-9B30-F66275D4BB4D}.Release|Any CPU.ActiveCfg = Release|Any CPU
		{468E4A5B-FCC8-4D0E-9B30-F66275D4BB4D}.Release|Any CPU.Build.0 = Release|Any CPU
		{468E4A5B-FCC8-4D0E-9B30-F66275D4BB4D}.Release|x64.ActiveCfg = Release|Any CPU
		{468E4A5B-FCC8-4D0E-9B30-F66275D4BB4D}.Release|x64.Build.0 = Release|Any CPU
		{468E4A5B-FCC8-4D0E-9B30-F66275D4BB4D}.Release|x86.ActiveCfg = Release|Any CPU
		{468E4A5B-FCC8-4D0E-9B30-F66275D4BB4D}.Release|x86.Build.0 = Release|Any CPU
		{FE94EC35-8488-48F5-9C0B-14146EB66AE6}.Debug|Any CPU.ActiveCfg = Debug|Any CPU
		{FE94EC35-8488-48F5-9C0B-14146EB66AE6}.Debug|Any CPU.Build.0 = Debug|Any CPU
		{FE94EC35-8488-48F5-9C0B-14146EB66AE6}.Debug|x64.ActiveCfg = Debug|Any CPU
		{FE94EC35-8488-48F5-9C0B-14146EB66AE6}.Debug|x64.Build.0 = Debug|Any CPU
		{FE94EC35-8488-48F5-9C0B-14146EB66AE6}.Debug|x86.ActiveCfg = Debug|Any CPU
		{FE94EC35-8488-48F5-9C0B-14146EB66AE6}.Debug|x86.Build.0 = Debug|Any CPU
		{FE94EC35-8488-48F5-9C0B-14146EB66AE6}.Release|Any CPU.ActiveCfg = Release|Any CPU
		{FE94EC35-8488-48F5-9C0B-14146EB66AE6}.Release|Any CPU.Build.0 = Release|Any CPU
		{FE94EC35-8488-48F5-9C0B-14146EB66AE6}.Release|x64.ActiveCfg = Release|Any CPU
		{FE94EC35-8488-48F5-9C0B-14146EB66AE6}.Release|x64.Build.0 = Release|Any CPU
		{FE94EC35-8488-48F5-9C0B-14146EB66AE6}.Release|x86.ActiveCfg = Release|Any CPU
		{FE94EC35-8488-48F5-9C0B-14146EB66AE6}.Release|x86.Build.0 = Release|Any CPU
		{F86B3365-0FF2-428A-BCAF-1FD677789D8F}.Debug|Any CPU.ActiveCfg = Debug|Any CPU
		{F86B3365-0FF2-428A-BCAF-1FD677789D8F}.Debug|Any CPU.Build.0 = Debug|Any CPU
		{F86B3365-0FF2-428A-BCAF-1FD677789D8F}.Debug|x64.ActiveCfg = Debug|Any CPU
		{F86B3365-0FF2-428A-BCAF-1FD677789D8F}.Debug|x64.Build.0 = Debug|Any CPU
		{F86B3365-0FF2-428A-BCAF-1FD677789D8F}.Debug|x86.ActiveCfg = Debug|Any CPU
		{F86B3365-0FF2-428A-BCAF-1FD677789D8F}.Debug|x86.Build.0 = Debug|Any CPU
		{F86B3365-0FF2-428A-BCAF-1FD677789D8F}.Release|Any CPU.ActiveCfg = Release|Any CPU
		{F86B3365-0FF2-428A-BCAF-1FD677789D8F}.Release|Any CPU.Build.0 = Release|Any CPU
		{F86B3365-0FF2-428A-BCAF-1FD677789D8F}.Release|x64.ActiveCfg = Release|Any CPU
		{F86B3365-0FF2-428A-BCAF-1FD677789D8F}.Release|x64.Build.0 = Release|Any CPU
		{F86B3365-0FF2-428A-BCAF-1FD677789D8F}.Release|x86.ActiveCfg = Release|Any CPU
		{F86B3365-0FF2-428A-BCAF-1FD677789D8F}.Release|x86.Build.0 = Release|Any CPU
		{01B58953-9323-4263-9D72-9B0BE51D3718}.Debug|Any CPU.ActiveCfg = Debug|Any CPU
		{01B58953-9323-4263-9D72-9B0BE51D3718}.Debug|Any CPU.Build.0 = Debug|Any CPU
		{01B58953-9323-4263-9D72-9B0BE51D3718}.Debug|x64.ActiveCfg = Debug|Any CPU
		{01B58953-9323-4263-9D72-9B0BE51D3718}.Debug|x64.Build.0 = Debug|Any CPU
		{01B58953-9323-4263-9D72-9B0BE51D3718}.Debug|x86.ActiveCfg = Debug|Any CPU
		{01B58953-9323-4263-9D72-9B0BE51D3718}.Debug|x86.Build.0 = Debug|Any CPU
		{01B58953-9323-4263-9D72-9B0BE51D3718}.Release|Any CPU.ActiveCfg = Release|Any CPU
		{01B58953-9323-4263-9D72-9B0BE51D3718}.Release|Any CPU.Build.0 = Release|Any CPU
		{01B58953-9323-4263-9D72-9B0BE51D3718}.Release|x64.ActiveCfg = Release|Any CPU
		{01B58953-9323-4263-9D72-9B0BE51D3718}.Release|x64.Build.0 = Release|Any CPU
		{01B58953-9323-4263-9D72-9B0BE51D3718}.Release|x86.ActiveCfg = Release|Any CPU
		{01B58953-9323-4263-9D72-9B0BE51D3718}.Release|x86.Build.0 = Release|Any CPU
		{E6A206CA-DF81-40E9-A0B3-2E138EDBF75B}.Debug|Any CPU.ActiveCfg = Debug|Any CPU
		{E6A206CA-DF81-40E9-A0B3-2E138EDBF75B}.Debug|Any CPU.Build.0 = Debug|Any CPU
		{E6A206CA-DF81-40E9-A0B3-2E138EDBF75B}.Debug|x64.ActiveCfg = Debug|Any CPU
		{E6A206CA-DF81-40E9-A0B3-2E138EDBF75B}.Debug|x64.Build.0 = Debug|Any CPU
		{E6A206CA-DF81-40E9-A0B3-2E138EDBF75B}.Debug|x86.ActiveCfg = Debug|Any CPU
		{E6A206CA-DF81-40E9-A0B3-2E138EDBF75B}.Debug|x86.Build.0 = Debug|Any CPU
		{E6A206CA-DF81-40E9-A0B3-2E138EDBF75B}.Release|Any CPU.ActiveCfg = Release|Any CPU
		{E6A206CA-DF81-40E9-A0B3-2E138EDBF75B}.Release|Any CPU.Build.0 = Release|Any CPU
		{E6A206CA-DF81-40E9-A0B3-2E138EDBF75B}.Release|x64.ActiveCfg = Release|Any CPU
		{E6A206CA-DF81-40E9-A0B3-2E138EDBF75B}.Release|x64.Build.0 = Release|Any CPU
		{E6A206CA-DF81-40E9-A0B3-2E138EDBF75B}.Release|x86.ActiveCfg = Release|Any CPU
		{E6A206CA-DF81-40E9-A0B3-2E138EDBF75B}.Release|x86.Build.0 = Release|Any CPU
		{B0F9F8F0-0BEF-4009-AA60-DFDDC0F385AA}.Debug|Any CPU.ActiveCfg = Debug|Any CPU
		{B0F9F8F0-0BEF-4009-AA60-DFDDC0F385AA}.Debug|Any CPU.Build.0 = Debug|Any CPU
		{B0F9F8F0-0BEF-4009-AA60-DFDDC0F385AA}.Debug|x64.ActiveCfg = Debug|Any CPU
		{B0F9F8F0-0BEF-4009-AA60-DFDDC0F385AA}.Debug|x64.Build.0 = Debug|Any CPU
		{B0F9F8F0-0BEF-4009-AA60-DFDDC0F385AA}.Debug|x86.ActiveCfg = Debug|Any CPU
		{B0F9F8F0-0BEF-4009-AA60-DFDDC0F385AA}.Debug|x86.Build.0 = Debug|Any CPU
		{B0F9F8F0-0BEF-4009-AA60-DFDDC0F385AA}.Release|Any CPU.ActiveCfg = Release|Any CPU
		{B0F9F8F0-0BEF-4009-AA60-DFDDC0F385AA}.Release|Any CPU.Build.0 = Release|Any CPU
		{B0F9F8F0-0BEF-4009-AA60-DFDDC0F385AA}.Release|x64.ActiveCfg = Release|Any CPU
		{B0F9F8F0-0BEF-4009-AA60-DFDDC0F385AA}.Release|x64.Build.0 = Release|Any CPU
		{B0F9F8F0-0BEF-4009-AA60-DFDDC0F385AA}.Release|x86.ActiveCfg = Release|Any CPU
		{B0F9F8F0-0BEF-4009-AA60-DFDDC0F385AA}.Release|x86.Build.0 = Release|Any CPU
		{D4C91E7B-DBAD-5ED9-177E-7E362F168E70}.Debug|Any CPU.ActiveCfg = Debug|Any CPU
		{D4C91E7B-DBAD-5ED9-177E-7E362F168E70}.Debug|Any CPU.Build.0 = Debug|Any CPU
		{D4C91E7B-DBAD-5ED9-177E-7E362F168E70}.Debug|x64.ActiveCfg = Debug|Any CPU
		{D4C91E7B-DBAD-5ED9-177E-7E362F168E70}.Debug|x64.Build.0 = Debug|Any CPU
		{D4C91E7B-DBAD-5ED9-177E-7E362F168E70}.Debug|x86.ActiveCfg = Debug|Any CPU
		{D4C91E7B-DBAD-5ED9-177E-7E362F168E70}.Debug|x86.Build.0 = Debug|Any CPU
		{D4C91E7B-DBAD-5ED9-177E-7E362F168E70}.Release|Any CPU.ActiveCfg = Release|Any CPU
		{D4C91E7B-DBAD-5ED9-177E-7E362F168E70}.Release|Any CPU.Build.0 = Release|Any CPU
		{D4C91E7B-DBAD-5ED9-177E-7E362F168E70}.Release|x64.ActiveCfg = Release|Any CPU
		{D4C91E7B-DBAD-5ED9-177E-7E362F168E70}.Release|x64.Build.0 = Release|Any CPU
		{D4C91E7B-DBAD-5ED9-177E-7E362F168E70}.Release|x86.ActiveCfg = Release|Any CPU
		{D4C91E7B-DBAD-5ED9-177E-7E362F168E70}.Release|x86.Build.0 = Release|Any CPU
		{1791BF1B-7F2D-03E4-62BC-DA2DBCF13657}.Debug|Any CPU.ActiveCfg = Debug|Any CPU
		{1791BF1B-7F2D-03E4-62BC-DA2DBCF13657}.Debug|Any CPU.Build.0 = Debug|Any CPU
		{1791BF1B-7F2D-03E4-62BC-DA2DBCF13657}.Debug|x64.ActiveCfg = Debug|Any CPU
		{1791BF1B-7F2D-03E4-62BC-DA2DBCF13657}.Debug|x64.Build.0 = Debug|Any CPU
		{1791BF1B-7F2D-03E4-62BC-DA2DBCF13657}.Debug|x86.ActiveCfg = Debug|Any CPU
		{1791BF1B-7F2D-03E4-62BC-DA2DBCF13657}.Debug|x86.Build.0 = Debug|Any CPU
		{1791BF1B-7F2D-03E4-62BC-DA2DBCF13657}.Release|Any CPU.ActiveCfg = Release|Any CPU
		{1791BF1B-7F2D-03E4-62BC-DA2DBCF13657}.Release|Any CPU.Build.0 = Release|Any CPU
		{1791BF1B-7F2D-03E4-62BC-DA2DBCF13657}.Release|x64.ActiveCfg = Release|Any CPU
		{1791BF1B-7F2D-03E4-62BC-DA2DBCF13657}.Release|x64.Build.0 = Release|Any CPU
		{1791BF1B-7F2D-03E4-62BC-DA2DBCF13657}.Release|x86.ActiveCfg = Release|Any CPU
		{1791BF1B-7F2D-03E4-62BC-DA2DBCF13657}.Release|x86.Build.0 = Release|Any CPU
		{F44AA14E-69B2-A8D1-95F2-F310BB853BFE}.Debug|Any CPU.ActiveCfg = Debug|Any CPU
		{F44AA14E-69B2-A8D1-95F2-F310BB853BFE}.Debug|Any CPU.Build.0 = Debug|Any CPU
		{F44AA14E-69B2-A8D1-95F2-F310BB853BFE}.Debug|x64.ActiveCfg = Debug|Any CPU
		{F44AA14E-69B2-A8D1-95F2-F310BB853BFE}.Debug|x64.Build.0 = Debug|Any CPU
		{F44AA14E-69B2-A8D1-95F2-F310BB853BFE}.Debug|x86.ActiveCfg = Debug|Any CPU
		{F44AA14E-69B2-A8D1-95F2-F310BB853BFE}.Debug|x86.Build.0 = Debug|Any CPU
		{F44AA14E-69B2-A8D1-95F2-F310BB853BFE}.Release|Any CPU.ActiveCfg = Release|Any CPU
		{F44AA14E-69B2-A8D1-95F2-F310BB853BFE}.Release|Any CPU.Build.0 = Release|Any CPU
		{F44AA14E-69B2-A8D1-95F2-F310BB853BFE}.Release|x64.ActiveCfg = Release|Any CPU
		{F44AA14E-69B2-A8D1-95F2-F310BB853BFE}.Release|x64.Build.0 = Release|Any CPU
		{F44AA14E-69B2-A8D1-95F2-F310BB853BFE}.Release|x86.ActiveCfg = Release|Any CPU
		{F44AA14E-69B2-A8D1-95F2-F310BB853BFE}.Release|x86.Build.0 = Release|Any CPU
	EndGlobalSection
	GlobalSection(SolutionProperties) = preSolution
		HideSolutionNode = FALSE
	EndGlobalSection
	GlobalSection(NestedProjects) = preSolution
		{468E4A5B-FCC8-4D0E-9B30-F66275D4BB4D} = {827E0CD3-B72D-47B6-A68D-7590B98EB39B}
		{FE94EC35-8488-48F5-9C0B-14146EB66AE6} = {827E0CD3-B72D-47B6-A68D-7590B98EB39B}
		{F86B3365-0FF2-428A-BCAF-1FD677789D8F} = {827E0CD3-B72D-47B6-A68D-7590B98EB39B}
		{01B58953-9323-4263-9D72-9B0BE51D3718} = {827E0CD3-B72D-47B6-A68D-7590B98EB39B}
		{E6A206CA-DF81-40E9-A0B3-2E138EDBF75B} = {827E0CD3-B72D-47B6-A68D-7590B98EB39B}
		{B0F9F8F0-0BEF-4009-AA60-DFDDC0F385AA} = {827E0CD3-B72D-47B6-A68D-7590B98EB39B}
		{D4C91E7B-DBAD-5ED9-177E-7E362F168E70} = {827E0CD3-B72D-47B6-A68D-7590B98EB39B}
		{1791BF1B-7F2D-03E4-62BC-DA2DBCF13657} = {827E0CD3-B72D-47B6-A68D-7590B98EB39B}
		{CEED836C-F662-4C5D-84FE-2EBEC3C3BC00} = {94E35DD0-DDFA-46A8-9587-8397763888EA}
		{F44AA14E-69B2-A8D1-95F2-F310BB853BFE} = {827E0CD3-B72D-47B6-A68D-7590B98EB39B}
	EndGlobalSection
	GlobalSection(ExtensibilityGlobals) = postSolution
		SolutionGuid = {25820EF6-1B6E-406A-A02F-6A38F24D2426}
	EndGlobalSection
EndGlobal
